PODS:
  - Flutter (1.0.0)
  - images_picker (0.0.1):
    - Flutter
    - ZLPhotoBrowser (= 4.2.0)
  - ZLPhotoBrowser (4.2.0):
    - ZLPhotoBrowser/Core (= 4.2.0)
  - ZLPhotoBrowser/Core (4.2.0)

DEPENDENCIES:
  - Flutter (from `Flutter`)
  - images_picker (from `.symlinks/plugins/images_picker/ios`)

SPEC REPOS:
  trunk:
    - ZLPhotoBrowser

EXTERNAL SOURCES:
  Flutter:
    :path: Flutter
  images_picker:
    :path: ".symlinks/plugins/images_picker/ios"

SPEC CHECKSUMS:
  Flutter: 50d75fe2f02b26cc09d224853bb45737f8b3214a
  images_picker: 8508f4097cec731ab87d47564ed964aa3fe942c7
  ZLPhotoBrowser: 602d505d4f2cf7f309ce973c4353d33e85216d58

PODFILE CHECKSUM: fe0e1ee7f3d1f7d00b11b474b62dd62134535aea

COCOAPODS: 1.11.2
